
Microsoft Visual Studio Solution File, Format Version 12.00
# Visual Studio 2013
VisualStudioVersion = 12.0.31101.0
MinimumVisualStudioVersion = 10.0.40219.1
Project("{FAE04EC0-301F-11D3-BF4B-00C04F79EFBC}") = "Events", "Events\Events.csproj", "{3A4DF66B-236F-4366-9C39-1ADE3CB0ABAC}"
EndProject
Global
	GlobalSection(SolutionConfigurationPlatforms) = preSolution
		Debug|Any CPU = Debug|Any CPU
		Release|Any CPU = Release|Any CPU
	EndGlobalSection
	GlobalSection(ProjectConfigurationPlatforms) = postSolution
		{3A4DF66B-236F-4366-9C39-1ADE3CB0ABAC}.Debug|Any CPU.ActiveCfg = Debug|Any CPU
		{3A4DF66B-236F-4366-9C39-1ADE3CB0ABAC}.Debug|Any CPU.Build.0 = Debug|Any CPU
		{3A4DF66B-236F-4366-9C39-1ADE3CB0ABAC}.Release|Any CPU.ActiveCfg = Release|Any CPU
		{3A4DF66B-236F-4366-9C39-1ADE3CB0ABAC}.Release|Any CPU.Build.0 = Release|Any CPU
	EndGlobalSection
	GlobalSection(SolutionProperties) = preSolution
		HideSolutionNode = FALSE
	EndGlobalSection
EndGlobal
